// !$*UTF8*$!
{
	archiveVersion = 1;
	classes = {
	};
	objectVersion = 56;
	objects = {

/* Begin PBXBuildFile section */
		25254EC629D903DC00B34472 /* ChildSizeReader.swift in Sources */ = {isa = PBXBuildFile; fileRef = 25254EC529D903DC00B34472 /* ChildSizeReader.swift */; };
		2582A8B129CE752800546F15 /* Date+InitFromString.swift in Sources */ = {isa = PBXBuildFile; fileRef = 2582A8AF29CE752700546F15 /* Date+InitFromString.swift */; };
		2582A8B229CE752800546F15 /* Color+HexStringInit.swift in Sources */ = {isa = PBXBuildFile; fileRef = 2582A8B029CE752800546F15 /* Color+HexStringInit.swift */; };
		2582A8BA29CE753900546F15 /* UDWord.swift in Sources */ = {isa = PBXBuildFile; fileRef = 2582A8B429CE753900546F15 /* UDWord.swift */; };
		2582A8BB29CE753900546F15 /* UrbanDictAPI.swift in Sources */ = {isa = PBXBuildFile; fileRef = 2582A8B529CE753900546F15 /* UrbanDictAPI.swift */; };
		2582A8BC29CE753900546F15 /* WordCardView.swift in Sources */ = {isa = PBXBuildFile; fileRef = 2582A8B629CE753900546F15 /* WordCardView.swift */; };
		2582A8BE29CE753900546F15 /* WordPicker.swift in Sources */ = {isa = PBXBuildFile; fileRef = 2582A8B829CE753900546F15 /* WordPicker.swift */; };
		2582A8C029CE754600546F15 /* ControlViewModel.swift in Sources */ = {isa = PBXBuildFile; fileRef = 2582A8BF29CE754600546F15 /* ControlViewModel.swift */; };
		2588FB1229CE74A200B62015 /* PullMeUrbanDApp.swift in Sources */ = {isa = PBXBuildFile; fileRef = 2588FB1129CE74A200B62015 /* PullMeUrbanDApp.swift */; };
		2588FB1429CE74A200B62015 /* ControlView.swift in Sources */ = {isa = PBXBuildFile; fileRef = 2588FB1329CE74A200B62015 /* ControlView.swift */; };
		2588FB1629CE74A300B62015 /* Assets.xcassets in Resources */ = {isa = PBXBuildFile; fileRef = 2588FB1529CE74A300B62015 /* Assets.xcassets */; };
		2588FB1929CE74A300B62015 /* Preview Assets.xcassets in Resources */ = {isa = PBXBuildFile; fileRef = 2588FB1829CE74A300B62015 /* Preview Assets.xcassets */; };
/* End PBXBuildFile section */

/* Begin PBXFileReference section */
		25254EC529D903DC00B34472 /* ChildSizeReader.swift */ = {isa = PBXFileReference; lastKnownFileType = sourcecode.swift; path = ChildSizeReader.swift; sourceTree = "<group>"; };
		2582A8AF29CE752700546F15 /* Date+InitFromString.swift */ = {isa = PBXFileReference; fileEncoding = 4; lastKnownFileType = sourcecode.swift; path = "Date+InitFromString.swift"; sourceTree = "<group>"; };
		2582A8B029CE752800546F15 /* Color+HexStringInit.swift */ = {isa = PBXFileReference; fileEncoding = 4; lastKnownFileType = sourcecode.swift; path = "Color+HexStringInit.swift"; sourceTree = "<group>"; };
		2582A8B429CE753900546F15 /* UDWord.swift */ = {isa = PBXFileReference; fileEncoding = 4; lastKnownFileType = sourcecode.swift; path = UDWord.swift; sourceTree = "<group>"; };
		2582A8B529CE753900546F15 /* UrbanDictAPI.swift */ = {isa = PBXFileReference; fileEncoding = 4; lastKnownFileType = sourcecode.swift; path = UrbanDictAPI.swift; sourceTree = "<group>"; };
		2582A8B629CE753900546F15 /* WordCardView.swift */ = {isa = PBXFileReference; fileEncoding = 4; lastKnownFileType = sourcecode.swift; path = WordCardView.swift; sourceTree = "<group>"; };
		2582A8B829CE753900546F15 /* WordPicker.swift */ = {isa = PBXFileReference; fileEncoding = 4; lastKnownFileType = sourcecode.swift; path = WordPicker.swift; sourceTree = "<group>"; };
		2582A8BF29CE754600546F15 /* ControlViewModel.swift */ = {isa = PBXFileReference; fileEncoding = 4; lastKnownFileType = sourcecode.swift; path = ControlViewModel.swift; sourceTree = "<group>"; };
		2588FB0E29CE74A200B62015 /* pull me urbanD.app */ = {isa = PBXFileReference; explicitFileType = wrapper.application; includeInIndex = 0; path = "pull me urbanD.app"; sourceTree = BUILT_PRODUCTS_DIR; };
		2588FB1129CE74A200B62015 /* PullMeUrbanDApp.swift */ = {isa = PBXFileReference; lastKnownFileType = sourcecode.swift; path = PullMeUrbanDApp.swift; sourceTree = "<group>"; };
		2588FB1329CE74A200B62015 /* ControlView.swift */ = {isa = PBXFileReference; lastKnownFileType = sourcecode.swift; path = ControlView.swift; sourceTree = "<group>"; };
		2588FB1529CE74A300B62015 /* Assets.xcassets */ = {isa = PBXFileReference; lastKnownFileType = folder.assetcatalog; path = Assets.xcassets; sourceTree = "<group>"; };
		2588FB1829CE74A300B62015 /* Preview Assets.xcassets */ = {isa = PBXFileReference; lastKnownFileType = folder.assetcatalog; path = "Preview Assets.xcassets"; sourceTree = "<group>"; };
/* End PBXFileReference section */

/* Begin PBXFrameworksBuildPhase section */
		2588FB0B29CE74A200B62015 /* Frameworks */ = {
			isa = PBXFrameworksBuildPhase;
			buildActionMask = 2147483647;
			files = (
			);
			runOnlyForDeploymentPostprocessing = 0;
		};
/* End PBXFrameworksBuildPhase section */

/* Begin PBXGroup section */
		2588FB0529CE74A200B62015 = {
			isa = PBXGroup;
			children = (
				25254EC529D903DC00B34472 /* ChildSizeReader.swift */,
				2582A8B029CE752800546F15 /* Color+HexStringInit.swift */,
				2582A8AF29CE752700546F15 /* Date+InitFromString.swift */,
				2588FB1029CE74A200B62015 /* pull me urbanD */,
				2588FB0F29CE74A200B62015 /* Products */,
			);
			sourceTree = "<group>";
		};
		2588FB0F29CE74A200B62015 /* Products */ = {
			isa = PBXGroup;
			children = (
				2588FB0E29CE74A200B62015 /* pull me urbanD.app */,
			);
			name = Products;
			sourceTree = "<group>";
		};
		2588FB1029CE74A200B62015 /* pull me urbanD */ = {
			isa = PBXGroup;
			children = (
				2588FB1329CE74A200B62015 /* ControlView.swift */,
				2582A8BF29CE754600546F15 /* ControlViewModel.swift */,
				2588FB1129CE74A200B62015 /* PullMeUrbanDApp.swift */,
				2582A8B429CE753900546F15 /* UDWord.swift */,
				2582A8B529CE753900546F15 /* UrbanDictAPI.swift */,
				2582A8B629CE753900546F15 /* WordCardView.swift */,
				2582A8B829CE753900546F15 /* WordPicker.swift */,
				2588FB1529CE74A300B62015 /* Assets.xcassets */,
				2588FB1729CE74A300B62015 /* Preview Content */,
			);
			path = "pull me urbanD";
			sourceTree = "<group>";
		};
		2588FB1729CE74A300B62015 /* Preview Content */ = {
			isa = PBXGroup;
			children = (
				2588FB1829CE74A300B62015 /* Preview Assets.xcassets */,
			);
			path = "Preview Content";
			sourceTree = "<group>";
		};
/* End PBXGroup section */

/* Begin PBXNativeTarget section */
		2588FB0D29CE74A200B62015 /* pull me urbanD */ = {
			isa = PBXNativeTarget;
			buildConfigurationList = 2588FB1C29CE74A300B62015 /* Build configuration list for PBXNativeTarget "pull me urbanD" */;
			buildPhases = (
				2588FB0A29CE74A200B62015 /* Sources */,
				2588FB0B29CE74A200B62015 /* Frameworks */,
				2588FB0C29CE74A200B62015 /* Resources */,
			);
			buildRules = (
			);
			dependencies = (
			);
			name = "pull me urbanD";
			productName = "pull me urbanD";
			productReference = 2588FB0E29CE74A200B62015 /* pull me urbanD.app */;
			productType = "com.apple.product-type.application";
		};
/* End PBXNativeTarget section */

/* Begin PBXProject section */
		2588FB0629CE74A200B62015 /* Project object */ = {
			isa = PBXProject;
			attributes = {
				BuildIndependentTargetsInParallel = 1;
				LastSwiftUpdateCheck = 1420;
				LastUpgradeCheck = 1420;
				TargetAttributes = {
					2588FB0D29CE74A200B62015 = {
						CreatedOnToolsVersion = 14.2;
					};
				};
			};
			buildConfigurationList = 2588FB0929CE74A200B62015 /* Build configuration list for PBXProject "pull me urbanD" */;
			compatibilityVersion = "Xcode 14.0";
			developmentRegion = en;
			hasScannedForEncodings = 0;
			knownRegions = (
				en,
				Base,
			);
			mainGroup = 2588FB0529CE74A200B62015;
			productRefGroup = 2588FB0F29CE74A200B62015 /* Products */;
			projectDirPath = "";
			projectRoot = "";
			targets = (
				2588FB0D29CE74A200B62015 /* pull me urbanD */,
			);
		};
/* End PBXProject section */

/* Begin PBXResourcesBuildPhase section */
		2588FB0C29CE74A200B62015 /* Resources */ = {
			isa = PBXResourcesBuildPhase;
			buildActionMask = 2147483647;
			files = (
				2588FB1929CE74A300B62015 /* Preview Assets.xcassets in Resources */,
				2588FB1629CE74A300B62015 /* Assets.xcassets in Resources */,
			);
			runOnlyForDeploymentPostprocessing = 0;
		};
/* End PBXResourcesBuildPhase section */

/* Begin PBXSourcesBuildPhase section */
		2588FB0A29CE74A200B62015 /* Sources */ = {
			isa = PBXSourcesBuildPhase;
			buildActionMask = 2147483647;
			files = (
				2588FB1429CE74A200B62015 /* ControlView.swift in Sources */,
				2582A8BE29CE753900546F15 /* WordPicker.swift in Sources */,
				25254EC629D903DC00B34472 /* ChildSizeReader.swift in Sources */,
				2582A8BA29CE753900546F15 /* UDWord.swift in Sources */,
				2582A8C029CE754600546F15 /* ControlViewModel.swift in Sources */,
				2588FB1229CE74A200B62015 /* PullMeUrbanDApp.swift in Sources */,
				2582A8B229CE752800546F15 /* Color+HexStringInit.swift in Sources */,
				2582A8BB29CE753900546F15 /* UrbanDictAPI.swift in Sources */,
				2582A8BC29CE753900546F15 /* WordCardView.swift in Sources */,
				2582A8B129CE752800546F15 /* Date+InitFromString.swift in Sources */,
			);
			runOnlyForDeploymentPostprocessing = 0;
		};
/* End PBXSourcesBuildPhase section */

/* Begin XCBuildConfiguration section */
		2588FB1A29CE74A300B62015 /* Debug */ = {
			isa = XCBuildConfiguration;
			buildSettings = {
				ALWAYS_SEARCH_USER_PATHS = NO;
				CLANG_ANALYZER_NONNULL = YES;
				CLANG_ANALYZER_NUMBER_OBJECT_CONVERSION = YES_AGGRESSIVE;
				CLANG_CXX_LANGUAGE_STANDARD = "gnu++20";
				CLANG_ENABLE_MODULES = YES;
				CLANG_ENABLE_OBJC_ARC = YES;
				CLANG_ENABLE_OBJC_WEAK = YES;
				CLANG_WARN_BLOCK_CAPTURE_AUTORELEASING = YES;
				CLANG_WARN_BOOL_CONVERSION = YES;
				CLANG_WARN_COMMA = YES;
				CLANG_WARN_CONSTANT_CONVERSION = YES;
				CLANG_WARN_DEPRECATED_OBJC_IMPLEMENTATIONS = YES;
				CLANG_WARN_DIRECT_OBJC_ISA_USAGE = YES_ERROR;
				CLANG_WARN_DOCUMENTATION_COMMENTS = YES;
				CLANG_WARN_EMPTY_BODY = YES;
				CLANG_WARN_ENUM_CONVERSION = YES;
				CLANG_WARN_INFINITE_RECURSION = YES;
				CLANG_WARN_INT_CONVERSION = YES;
				CLANG_WARN_NON_LITERAL_NULL_CONVERSION = YES;
				CLANG_WARN_OBJC_IMPLICIT_RETAIN_SELF = YES;
				CLANG_WARN_OBJC_LITERAL_CONVERSION = YES;
				CLANG_WARN_OBJC_ROOT_CLASS = YES_ERROR;
				CLANG_WARN_QUOTED_INCLUDE_IN_FRAMEWORK_HEADER = YES;
				CLANG_WARN_RANGE_LOOP_ANALYSIS = YES;
				CLANG_WARN_STRICT_PROTOTYPES = YES;
				CLANG_WARN_SUSPICIOUS_MOVE = YES;
				CLANG_WARN_UNGUARDED_AVAILABILITY = YES_AGGRESSIVE;
				CLANG_WARN_UNREACHABLE_CODE = YES;
				CLANG_WARN__DUPLICATE_METHOD_MATCH = YES;
				COPY_PHASE_STRIP = NO;
				DEBUG_INFORMATION_FORMAT = dwarf;
				ENABLE_STRICT_OBJC_MSGSEND = YES;
				ENABLE_TESTABILITY = YES;
				GCC_C_LANGUAGE_STANDARD = gnu11;
				GCC_DYNAMIC_NO_PIC = NO;
				GCC_NO_COMMON_BLOCKS = YES;
				GCC_OPTIMIZATION_LEVEL = 0;
				GCC_PREPROCESSOR_DEFINITIONS = (
					"DEBUG=1",
					"$(inherited)",
				);
				GCC_WARN_64_TO_32_BIT_CONVERSION = YES;
				GCC_WARN_ABOUT_RETURN_TYPE = YES_ERROR;
				GCC_WARN_UNDECLARED_SELECTOR = YES;
				GCC_WARN_UNINITIALIZED_AUTOS = YES_AGGRESSIVE;
				GCC_WARN_UNUSED_FUNCTION = YES;
				GCC_WARN_UNUSED_VARIABLE = YES;
				IPHONEOS_DEPLOYMENT_TARGET = 16.2;
				MTL_ENABLE_DEBUG_INFO = INCLUDE_SOURCE;
				MTL_FAST_MATH = YES;
				ONLY_ACTIVE_ARCH = YES;
				SDKROOT = iphoneos;
				SWIFT_ACTIVE_COMPILATION_CONDITIONS = DEBUG;
				SWIFT_OPTIMIZATION_LEVEL = "-Onone";
			};
			name = Debug;
		};
		2588FB1B29CE74A300B62015 /* Release */ = {
			isa = XCBuildConfiguration;
			buildSettings = {
				ALWAYS_SEARCH_USER_PATHS = NO;
				CLANG_ANALYZER_NONNULL = YES;
				CLANG_ANALYZER_NUMBER_OBJECT_CONVERSION = YES_AGGRESSIVE;
				CLANG_CXX_LANGUAGE_STANDARD = "gnu++20";
				CLANG_ENABLE_MODULES = YES;
				CLANG_ENABLE_OBJC_ARC = YES;
				CLANG_ENABLE_OBJC_WEAK = YES;
				CLANG_WARN_BLOCK_CAPTURE_AUTORELEASING = YES;
				CLANG_WARN_BOOL_CONVERSION = YES;
				CLANG_WARN_COMMA = YES;
				CLANG_WARN_CONSTANT_CONVERSION = YES;
				CLANG_WARN_DEPRECATED_OBJC_IMPLEMENTATIONS = YES;
				CLANG_WARN_DIRECT_OBJC_ISA_USAGE = YES_ERROR;
				CLANG_WARN_DOCUMENTATION_COMMENTS = YES;
				CLANG_WARN_EMPTY_BODY = YES;
				CLANG_WARN_ENUM_CONVERSION = YES;
				CLANG_WARN_INFINITE_RECURSION = YES;
				CLANG_WARN_INT_CONVERSION = YES;
				CLANG_WARN_NON_LITERAL_NULL_CONVERSION = YES;
				CLANG_WARN_OBJC_IMPLICIT_RETAIN_SELF = YES;
				CLANG_WARN_OBJC_LITERAL_CONVERSION = YES;
				CLANG_WARN_OBJC_ROOT_CLASS = YES_ERROR;
				CLANG_WARN_QUOTED_INCLUDE_IN_FRAMEWORK_HEADER = YES;
				CLANG_WARN_RANGE_LOOP_ANALYSIS = YES;
				CLANG_WARN_STRICT_PROTOTYPES = YES;
				CLANG_WARN_SUSPICIOUS_MOVE = YES;
				CLANG_WARN_UNGUARDED_AVAILABILITY = YES_AGGRESSIVE;
				CLANG_WARN_UNREACHABLE_CODE = YES;
				CLANG_WARN__DUPLICATE_METHOD_MATCH = YES;
				COPY_PHASE_STRIP = NO;
				DEBUG_INFORMATION_FORMAT = "dwarf-with-dsym";
				ENABLE_NS_ASSERTIONS = NO;
				ENABLE_STRICT_OBJC_MSGSEND = YES;
				GCC_C_LANGUAGE_STANDARD = gnu11;
				GCC_NO_COMMON_BLOCKS = YES;
				GCC_WARN_64_TO_32_BIT_CONVERSION = YES;
				GCC_WARN_ABOUT_RETURN_TYPE = YES_ERROR;
				GCC_WARN_UNDECLARED_SELECTOR = YES;
				GCC_WARN_UNINITIALIZED_AUTOS = YES_AGGRESSIVE;
				GCC_WARN_UNUSED_FUNCTION = YES;
				GCC_WARN_UNUSED_VARIABLE = YES;
				IPHONEOS_DEPLOYMENT_TARGET = 16.2;
				MTL_ENABLE_DEBUG_INFO = NO;
				MTL_FAST_MATH = YES;
				SDKROOT = iphoneos;
				SWIFT_COMPILATION_MODE = wholemodule;
				SWIFT_OPTIMIZATION_LEVEL = "-O";
				VALIDATE_PRODUCT = YES;
			};
			name = Release;
		};
		2588FB1D29CE74A300B62015 /* Debug */ = {
			isa = XCBuildConfiguration;
			buildSettings = {
				ASSETCATALOG_COMPILER_APPICON_NAME = AppIcon;
				ASSETCATALOG_COMPILER_GLOBAL_ACCENT_COLOR_NAME = AccentColor;
				CODE_SIGN_STYLE = Automatic;
				CURRENT_PROJECT_VERSION = 1;
				DEVELOPMENT_ASSET_PATHS = "\"pull me urbanD/Preview Content\"";
				DEVELOPMENT_TEAM = 9Z9K3X8K7Y;
				ENABLE_PREVIEWS = YES;
				GENERATE_INFOPLIST_FILE = YES;
				INFOPLIST_KEY_UIApplicationSceneManifest_Generation = YES;
				INFOPLIST_KEY_UIApplicationSupportsIndirectInputEvents = YES;
				INFOPLIST_KEY_UILaunchScreen_Generation = YES;
				INFOPLIST_KEY_UISupportedInterfaceOrientations_iPad = "UIInterfaceOrientationPortrait UIInterfaceOrientationPortraitUpsideDown UIInterfaceOrientationLandscapeLeft UIInterfaceOrientationLandscapeRight";
				INFOPLIST_KEY_UISupportedInterfaceOrientations_iPhone = "UIInterfaceOrientationPortrait UIInterfaceOrientationLandscapeLeft UIInterfaceOrientationLandscapeRight";
				LD_RUNPATH_SEARCH_PATHS = (
					"$(inherited)",
					"@executable_path/Frameworks",
				);
				MARKETING_VERSION = 1.0;
				PRODUCT_BUNDLE_IDENTIFIER = "nahid-synth-calcs.pull-me-urbanD";
				PRODUCT_NAME = "$(TARGET_NAME)";
				SWIFT_EMIT_LOC_STRINGS = YES;
				SWIFT_VERSION = 5.0;
				TARGETED_DEVICE_FAMILY = "1,2";
			};
			name = Debug;
		};
		2588FB1E29CE74A300B62015 /* Release */ = {
			isa = XCBuildConfiguration;
			buildSettings = {
				ASSETCATALOG_COMPILER_APPICON_NAME = AppIcon;
				ASSETCATALOG_COMPILER_GLOBAL_ACCENT_COLOR_NAME = AccentColor;
				CODE_SIGN_STYLE = Automatic;
				CURRENT_PROJECT_VERSION = 1;
				DEVELOPMENT_ASSET_PATHS = "\"pull me urbanD/Preview Content\"";
				DEVELOPMENT_TEAM = 9Z9K3X8K7Y;
				ENABLE_PREVIEWS = YES;
				GENERATE_INFOPLIST_FILE = YES;
				INFOPLIST_KEY_UIApplicationSceneManifest_Generation = YES;
				INFOPLIST_KEY_UIApplicationSupportsIndirectInputEvents = YES;
				INFOPLIST_KEY_UILaunchScreen_Generation = YES;
				INFOPLIST_KEY_UISupportedInterfaceOrientations_iPad = "UIInterfaceOrientationPortrait UIInterfaceOrientationPortraitUpsideDown UIInterfaceOrientationLandscapeLeft UIInterfaceOrientationLandscapeRight";
				INFOPLIST_KEY_UISupportedInterfaceOrientations_iPhone = "UIInterfaceOrientationPortrait UIInterfaceOrientationLandscapeLeft UIInterfaceOrientationLandscapeRight";
				LD_RUNPATH_SEARCH_PATHS = (
					"$(inherited)",
					"@executable_path/Frameworks",
				);
				MARKETING_VERSION = 1.0;
				PRODUCT_BUNDLE_IDENTIFIER = "nahid-synth-calcs.pull-me-urbanD";
				PRODUCT_NAME = "$(TARGET_NAME)";
				SWIFT_EMIT_LOC_STRINGS = YES;
				SWIFT_VERSION = 5.0;
				TARGETED_DEVICE_FAMILY = "1,2";
			};
			name = Release;
		};
/* End XCBuildConfiguration section */

/* Begin XCConfigurationList section */
		2588FB0929CE74A200B62015 /* Build configuration list for PBXProject "pull me urbanD" */ = {
			isa = XCConfigurationList;
			buildConfigurations = (
				2588FB1A29CE74A300B62015 /* Debug */,
				2588FB1B29CE74A300B62015 /* Release */,
			);
			defaultConfigurationIsVisible = 0;
			defaultConfigurationName = Release;
		};
		2588FB1C29CE74A300B62015 /* Build configuration list for PBXNativeTarget "pull me urbanD" */ = {
			isa = XCConfigurationList;
			buildConfigurations = (
				2588FB1D29CE74A300B62015 /* Debug */,
				2588FB1E29CE74A300B62015 /* Release */,
			);
			defaultConfigurationIsVisible = 0;
			defaultConfigurationName = Release;
		};
/* End XCConfigurationList section */
	};
	rootObject = 2588FB0629CE74A200B62015 /* Project object */;
}
