// !$*UTF8*$!
{
	archiveVersion = 1;
	classes = {
	};
	objectVersion = 56;
	objects = {

/* Begin PBXBuildFile section */
		251F8C2F29C5F4AA00BE8FD7 /* PullMeUrbanDApp.swift in Sources */ = {isa = PBXBuildFile; fileRef = 251F8C2E29C5F4AA00BE8FD7 /* PullMeUrbanDApp.swift */; };
		251F8C3129C5F4AA00BE8FD7 /* ControlView.swift in Sources */ = {isa = PBXBuildFile; fileRef = 251F8C3029C5F4AA00BE8FD7 /* ControlView.swift */; };
		251F8C3329C5F4AB00BE8FD7 /* Assets.xcassets in Resources */ = {isa = PBXBuildFile; fileRef = 251F8C3229C5F4AB00BE8FD7 /* Assets.xcassets */; };
		251F8C3629C5F4AB00BE8FD7 /* Preview Assets.xcassets in Resources */ = {isa = PBXBuildFile; fileRef = 251F8C3529C5F4AB00BE8FD7 /* Preview Assets.xcassets */; };
		251F8C3D29C5F4F200BE8FD7 /* UDWord.swift in Sources */ = {isa = PBXBuildFile; fileRef = 251F8C3C29C5F4F200BE8FD7 /* UDWord.swift */; };
		251F8C3F29C5F70C00BE8FD7 /* WordCardView.swift in Sources */ = {isa = PBXBuildFile; fileRef = 251F8C3E29C5F70C00BE8FD7 /* WordCardView.swift */; };
		251F8C4129C5FC5D00BE8FD7 /* Color+HexStringInit.swift in Sources */ = {isa = PBXBuildFile; fileRef = 251F8C4029C5FC5D00BE8FD7 /* Color+HexStringInit.swift */; };
		251F8C4529C60EEC00BE8FD7 /* Date+InitFromString.swift in Sources */ = {isa = PBXBuildFile; fileRef = 251F8C4429C60EEC00BE8FD7 /* Date+InitFromString.swift */; };
		251F8C4729C74F4A00BE8FD7 /* UrbanDictAPI.swift in Sources */ = {isa = PBXBuildFile; fileRef = 251F8C4629C74F4A00BE8FD7 /* UrbanDictAPI.swift */; };
		251F8C4929C759C000BE8FD7 /* ControlViewModel.swift in Sources */ = {isa = PBXBuildFile; fileRef = 251F8C4829C759C000BE8FD7 /* ControlViewModel.swift */; };
		251F8C4B29C75D8E00BE8FD7 /* WordPicker.swift in Sources */ = {isa = PBXBuildFile; fileRef = 251F8C4A29C75D8E00BE8FD7 /* WordPicker.swift */; };
		251F8C4D29C761A300BE8FD7 /* wordpicker-list.json in Resources */ = {isa = PBXBuildFile; fileRef = 251F8C4C29C761A200BE8FD7 /* wordpicker-list.json */; };
/* End PBXBuildFile section */

/* Begin PBXFileReference section */
		251F8C2B29C5F4AA00BE8FD7 /* pull me urbanD.app */ = {isa = PBXFileReference; explicitFileType = wrapper.application; includeInIndex = 0; path = "pull me urbanD.app"; sourceTree = BUILT_PRODUCTS_DIR; };
		251F8C2E29C5F4AA00BE8FD7 /* PullMeUrbanDApp.swift */ = {isa = PBXFileReference; lastKnownFileType = sourcecode.swift; path = PullMeUrbanDApp.swift; sourceTree = "<group>"; };
		251F8C3029C5F4AA00BE8FD7 /* ControlView.swift */ = {isa = PBXFileReference; lastKnownFileType = sourcecode.swift; path = ControlView.swift; sourceTree = "<group>"; };
		251F8C3229C5F4AB00BE8FD7 /* Assets.xcassets */ = {isa = PBXFileReference; lastKnownFileType = folder.assetcatalog; path = Assets.xcassets; sourceTree = "<group>"; };
		251F8C3529C5F4AB00BE8FD7 /* Preview Assets.xcassets */ = {isa = PBXFileReference; lastKnownFileType = folder.assetcatalog; path = "Preview Assets.xcassets"; sourceTree = "<group>"; };
		251F8C3C29C5F4F200BE8FD7 /* UDWord.swift */ = {isa = PBXFileReference; lastKnownFileType = sourcecode.swift; path = UDWord.swift; sourceTree = "<group>"; };
		251F8C3E29C5F70C00BE8FD7 /* WordCardView.swift */ = {isa = PBXFileReference; lastKnownFileType = sourcecode.swift; path = WordCardView.swift; sourceTree = "<group>"; };
		251F8C4029C5FC5D00BE8FD7 /* Color+HexStringInit.swift */ = {isa = PBXFileReference; fileEncoding = 4; lastKnownFileType = sourcecode.swift; path = "Color+HexStringInit.swift"; sourceTree = "<group>"; };
		251F8C4429C60EEC00BE8FD7 /* Date+InitFromString.swift */ = {isa = PBXFileReference; fileEncoding = 4; lastKnownFileType = sourcecode.swift; path = "Date+InitFromString.swift"; sourceTree = "<group>"; };
		251F8C4629C74F4A00BE8FD7 /* UrbanDictAPI.swift */ = {isa = PBXFileReference; lastKnownFileType = sourcecode.swift; path = UrbanDictAPI.swift; sourceTree = "<group>"; };
		251F8C4829C759C000BE8FD7 /* ControlViewModel.swift */ = {isa = PBXFileReference; lastKnownFileType = sourcecode.swift; path = ControlViewModel.swift; sourceTree = "<group>"; };
		251F8C4A29C75D8E00BE8FD7 /* WordPicker.swift */ = {isa = PBXFileReference; lastKnownFileType = sourcecode.swift; path = WordPicker.swift; sourceTree = "<group>"; };
		251F8C4C29C761A200BE8FD7 /* wordpicker-list.json */ = {isa = PBXFileReference; fileEncoding = 4; lastKnownFileType = text.json; path = "wordpicker-list.json"; sourceTree = "<group>"; };
/* End PBXFileReference section */

/* Begin PBXFrameworksBuildPhase section */
		251F8C2829C5F4AA00BE8FD7 /* Frameworks */ = {
			isa = PBXFrameworksBuildPhase;
			buildActionMask = 2147483647;
			files = (
			);
			runOnlyForDeploymentPostprocessing = 0;
		};
/* End PBXFrameworksBuildPhase section */

/* Begin PBXGroup section */
		251F8C2229C5F4A900BE8FD7 = {
			isa = PBXGroup;
			children = (
				251F8C4429C60EEC00BE8FD7 /* Date+InitFromString.swift */,
				251F8C4029C5FC5D00BE8FD7 /* Color+HexStringInit.swift */,
				251F8C2D29C5F4AA00BE8FD7 /* pull me urbanD */,
				251F8C2C29C5F4AA00BE8FD7 /* Products */,
			);
			sourceTree = "<group>";
		};
		251F8C2C29C5F4AA00BE8FD7 /* Products */ = {
			isa = PBXGroup;
			children = (
				251F8C2B29C5F4AA00BE8FD7 /* pull me urbanD.app */,
			);
			name = Products;
			sourceTree = "<group>";
		};
		251F8C2D29C5F4AA00BE8FD7 /* pull me urbanD */ = {
			isa = PBXGroup;
			children = (
				251F8C2E29C5F4AA00BE8FD7 /* PullMeUrbanDApp.swift */,
				251F8C3029C5F4AA00BE8FD7 /* ControlView.swift */,
				251F8C4829C759C000BE8FD7 /* ControlViewModel.swift */,
				251F8C3229C5F4AB00BE8FD7 /* Assets.xcassets */,
				251F8C3429C5F4AB00BE8FD7 /* Preview Content */,
				251F8C3C29C5F4F200BE8FD7 /* UDWord.swift */,
				251F8C4A29C75D8E00BE8FD7 /* WordPicker.swift */,
				251F8C4C29C761A200BE8FD7 /* wordpicker-list.json */,
				251F8C3E29C5F70C00BE8FD7 /* WordCardView.swift */,
				251F8C4629C74F4A00BE8FD7 /* UrbanDictAPI.swift */,
			);
			path = "pull me urbanD";
			sourceTree = "<group>";
		};
		251F8C3429C5F4AB00BE8FD7 /* Preview Content */ = {
			isa = PBXGroup;
			children = (
				251F8C3529C5F4AB00BE8FD7 /* Preview Assets.xcassets */,
			);
			path = "Preview Content";
			sourceTree = "<group>";
		};
/* End PBXGroup section */

/* Begin PBXNativeTarget section */
		251F8C2A29C5F4AA00BE8FD7 /* pull me urbanD */ = {
			isa = PBXNativeTarget;
			buildConfigurationList = 251F8C3929C5F4AB00BE8FD7 /* Build configuration list for PBXNativeTarget "pull me urbanD" */;
			buildPhases = (
				251F8C2729C5F4AA00BE8FD7 /* Sources */,
				251F8C2829C5F4AA00BE8FD7 /* Frameworks */,
				251F8C2929C5F4AA00BE8FD7 /* Resources */,
			);
			buildRules = (
			);
			dependencies = (
			);
			name = "pull me urbanD";
			productName = "pull me urbanD";
			productReference = 251F8C2B29C5F4AA00BE8FD7 /* pull me urbanD.app */;
			productType = "com.apple.product-type.application";
		};
/* End PBXNativeTarget section */

/* Begin PBXProject section */
		251F8C2329C5F4A900BE8FD7 /* Project object */ = {
			isa = PBXProject;
			attributes = {
				BuildIndependentTargetsInParallel = 1;
				LastSwiftUpdateCheck = 1420;
				LastUpgradeCheck = 1420;
				TargetAttributes = {
					251F8C2A29C5F4AA00BE8FD7 = {
						CreatedOnToolsVersion = 14.2;
					};
				};
			};
			buildConfigurationList = 251F8C2629C5F4AA00BE8FD7 /* Build configuration list for PBXProject "pull me urbanD" */;
			compatibilityVersion = "Xcode 14.0";
			developmentRegion = en;
			hasScannedForEncodings = 0;
			knownRegions = (
				en,
				Base,
			);
			mainGroup = 251F8C2229C5F4A900BE8FD7;
			productRefGroup = 251F8C2C29C5F4AA00BE8FD7 /* Products */;
			projectDirPath = "";
			projectRoot = "";
			targets = (
				251F8C2A29C5F4AA00BE8FD7 /* pull me urbanD */,
			);
		};
/* End PBXProject section */

/* Begin PBXResourcesBuildPhase section */
		251F8C2929C5F4AA00BE8FD7 /* Resources */ = {
			isa = PBXResourcesBuildPhase;
			buildActionMask = 2147483647;
			files = (
				251F8C3629C5F4AB00BE8FD7 /* Preview Assets.xcassets in Resources */,
				251F8C3329C5F4AB00BE8FD7 /* Assets.xcassets in Resources */,
				251F8C4D29C761A300BE8FD7 /* wordpicker-list.json in Resources */,
			);
			runOnlyForDeploymentPostprocessing = 0;
		};
/* End PBXResourcesBuildPhase section */

/* Begin PBXSourcesBuildPhase section */
		251F8C2729C5F4AA00BE8FD7 /* Sources */ = {
			isa = PBXSourcesBuildPhase;
			buildActionMask = 2147483647;
			files = (
				251F8C4129C5FC5D00BE8FD7 /* Color+HexStringInit.swift in Sources */,
				251F8C3129C5F4AA00BE8FD7 /* ControlView.swift in Sources */,
				251F8C4B29C75D8E00BE8FD7 /* WordPicker.swift in Sources */,
				251F8C4529C60EEC00BE8FD7 /* Date+InitFromString.swift in Sources */,
				251F8C2F29C5F4AA00BE8FD7 /* PullMeUrbanDApp.swift in Sources */,
				251F8C3F29C5F70C00BE8FD7 /* WordCardView.swift in Sources */,
				251F8C4729C74F4A00BE8FD7 /* UrbanDictAPI.swift in Sources */,
				251F8C4929C759C000BE8FD7 /* ControlViewModel.swift in Sources */,
				251F8C3D29C5F4F200BE8FD7 /* UDWord.swift in Sources */,
			);
			runOnlyForDeploymentPostprocessing = 0;
		};
/* End PBXSourcesBuildPhase section */

/* Begin XCBuildConfiguration section */
		251F8C3729C5F4AB00BE8FD7 /* Debug */ = {
			isa = XCBuildConfiguration;
			buildSettings = {
				ALWAYS_SEARCH_USER_PATHS = NO;
				CLANG_ANALYZER_NONNULL = YES;
				CLANG_ANALYZER_NUMBER_OBJECT_CONVERSION = YES_AGGRESSIVE;
				CLANG_CXX_LANGUAGE_STANDARD = "gnu++20";
				CLANG_ENABLE_MODULES = YES;
				CLANG_ENABLE_OBJC_ARC = YES;
				CLANG_ENABLE_OBJC_WEAK = YES;
				CLANG_WARN_BLOCK_CAPTURE_AUTORELEASING = YES;
				CLANG_WARN_BOOL_CONVERSION = YES;
				CLANG_WARN_COMMA = YES;
				CLANG_WARN_CONSTANT_CONVERSION = YES;
				CLANG_WARN_DEPRECATED_OBJC_IMPLEMENTATIONS = YES;
				CLANG_WARN_DIRECT_OBJC_ISA_USAGE = YES_ERROR;
				CLANG_WARN_DOCUMENTATION_COMMENTS = YES;
				CLANG_WARN_EMPTY_BODY = YES;
				CLANG_WARN_ENUM_CONVERSION = YES;
				CLANG_WARN_INFINITE_RECURSION = YES;
				CLANG_WARN_INT_CONVERSION = YES;
				CLANG_WARN_NON_LITERAL_NULL_CONVERSION = YES;
				CLANG_WARN_OBJC_IMPLICIT_RETAIN_SELF = YES;
				CLANG_WARN_OBJC_LITERAL_CONVERSION = YES;
				CLANG_WARN_OBJC_ROOT_CLASS = YES_ERROR;
				CLANG_WARN_QUOTED_INCLUDE_IN_FRAMEWORK_HEADER = YES;
				CLANG_WARN_RANGE_LOOP_ANALYSIS = YES;
				CLANG_WARN_STRICT_PROTOTYPES = YES;
				CLANG_WARN_SUSPICIOUS_MOVE = YES;
				CLANG_WARN_UNGUARDED_AVAILABILITY = YES_AGGRESSIVE;
				CLANG_WARN_UNREACHABLE_CODE = YES;
				CLANG_WARN__DUPLICATE_METHOD_MATCH = YES;
				COPY_PHASE_STRIP = NO;
				DEBUG_INFORMATION_FORMAT = dwarf;
				ENABLE_STRICT_OBJC_MSGSEND = YES;
				ENABLE_TESTABILITY = YES;
				GCC_C_LANGUAGE_STANDARD = gnu11;
				GCC_DYNAMIC_NO_PIC = NO;
				GCC_NO_COMMON_BLOCKS = YES;
				GCC_OPTIMIZATION_LEVEL = 0;
				GCC_PREPROCESSOR_DEFINITIONS = (
					"DEBUG=1",
					"$(inherited)",
				);
				GCC_WARN_64_TO_32_BIT_CONVERSION = YES;
				GCC_WARN_ABOUT_RETURN_TYPE = YES_ERROR;
				GCC_WARN_UNDECLARED_SELECTOR = YES;
				GCC_WARN_UNINITIALIZED_AUTOS = YES_AGGRESSIVE;
				GCC_WARN_UNUSED_FUNCTION = YES;
				GCC_WARN_UNUSED_VARIABLE = YES;
				IPHONEOS_DEPLOYMENT_TARGET = 16.2;
				MTL_ENABLE_DEBUG_INFO = INCLUDE_SOURCE;
				MTL_FAST_MATH = YES;
				ONLY_ACTIVE_ARCH = YES;
				SDKROOT = iphoneos;
				SWIFT_ACTIVE_COMPILATION_CONDITIONS = DEBUG;
				SWIFT_OPTIMIZATION_LEVEL = "-Onone";
			};
			name = Debug;
		};
		251F8C3829C5F4AB00BE8FD7 /* Release */ = {
			isa = XCBuildConfiguration;
			buildSettings = {
				ALWAYS_SEARCH_USER_PATHS = NO;
				CLANG_ANALYZER_NONNULL = YES;
				CLANG_ANALYZER_NUMBER_OBJECT_CONVERSION = YES_AGGRESSIVE;
				CLANG_CXX_LANGUAGE_STANDARD = "gnu++20";
				CLANG_ENABLE_MODULES = YES;
				CLANG_ENABLE_OBJC_ARC = YES;
				CLANG_ENABLE_OBJC_WEAK = YES;
				CLANG_WARN_BLOCK_CAPTURE_AUTORELEASING = YES;
				CLANG_WARN_BOOL_CONVERSION = YES;
				CLANG_WARN_COMMA = YES;
				CLANG_WARN_CONSTANT_CONVERSION = YES;
				CLANG_WARN_DEPRECATED_OBJC_IMPLEMENTATIONS = YES;
				CLANG_WARN_DIRECT_OBJC_ISA_USAGE = YES_ERROR;
				CLANG_WARN_DOCUMENTATION_COMMENTS = YES;
				CLANG_WARN_EMPTY_BODY = YES;
				CLANG_WARN_ENUM_CONVERSION = YES;
				CLANG_WARN_INFINITE_RECURSION = YES;
				CLANG_WARN_INT_CONVERSION = YES;
				CLANG_WARN_NON_LITERAL_NULL_CONVERSION = YES;
				CLANG_WARN_OBJC_IMPLICIT_RETAIN_SELF = YES;
				CLANG_WARN_OBJC_LITERAL_CONVERSION = YES;
				CLANG_WARN_OBJC_ROOT_CLASS = YES_ERROR;
				CLANG_WARN_QUOTED_INCLUDE_IN_FRAMEWORK_HEADER = YES;
				CLANG_WARN_RANGE_LOOP_ANALYSIS = YES;
				CLANG_WARN_STRICT_PROTOTYPES = YES;
				CLANG_WARN_SUSPICIOUS_MOVE = YES;
				CLANG_WARN_UNGUARDED_AVAILABILITY = YES_AGGRESSIVE;
				CLANG_WARN_UNREACHABLE_CODE = YES;
				CLANG_WARN__DUPLICATE_METHOD_MATCH = YES;
				COPY_PHASE_STRIP = NO;
				DEBUG_INFORMATION_FORMAT = "dwarf-with-dsym";
				ENABLE_NS_ASSERTIONS = NO;
				ENABLE_STRICT_OBJC_MSGSEND = YES;
				GCC_C_LANGUAGE_STANDARD = gnu11;
				GCC_NO_COMMON_BLOCKS = YES;
				GCC_WARN_64_TO_32_BIT_CONVERSION = YES;
				GCC_WARN_ABOUT_RETURN_TYPE = YES_ERROR;
				GCC_WARN_UNDECLARED_SELECTOR = YES;
				GCC_WARN_UNINITIALIZED_AUTOS = YES_AGGRESSIVE;
				GCC_WARN_UNUSED_FUNCTION = YES;
				GCC_WARN_UNUSED_VARIABLE = YES;
				IPHONEOS_DEPLOYMENT_TARGET = 16.2;
				MTL_ENABLE_DEBUG_INFO = NO;
				MTL_FAST_MATH = YES;
				SDKROOT = iphoneos;
				SWIFT_COMPILATION_MODE = wholemodule;
				SWIFT_OPTIMIZATION_LEVEL = "-O";
				VALIDATE_PRODUCT = YES;
			};
			name = Release;
		};
		251F8C3A29C5F4AB00BE8FD7 /* Debug */ = {
			isa = XCBuildConfiguration;
			buildSettings = {
				ASSETCATALOG_COMPILER_APPICON_NAME = AppIcon;
				ASSETCATALOG_COMPILER_GLOBAL_ACCENT_COLOR_NAME = AccentColor;
				CODE_SIGN_STYLE = Automatic;
				CURRENT_PROJECT_VERSION = 1;
				DEVELOPMENT_ASSET_PATHS = "\"pull me urbanD/Preview Content\"";
				DEVELOPMENT_TEAM = 9Z9K3X8K7Y;
				ENABLE_PREVIEWS = YES;
				GENERATE_INFOPLIST_FILE = YES;
				INFOPLIST_KEY_UIApplicationSceneManifest_Generation = YES;
				INFOPLIST_KEY_UIApplicationSupportsIndirectInputEvents = YES;
				INFOPLIST_KEY_UILaunchScreen_Generation = YES;
				INFOPLIST_KEY_UISupportedInterfaceOrientations_iPad = "UIInterfaceOrientationPortrait UIInterfaceOrientationPortraitUpsideDown UIInterfaceOrientationLandscapeLeft UIInterfaceOrientationLandscapeRight";
				INFOPLIST_KEY_UISupportedInterfaceOrientations_iPhone = "UIInterfaceOrientationPortrait UIInterfaceOrientationLandscapeLeft UIInterfaceOrientationLandscapeRight";
				LD_RUNPATH_SEARCH_PATHS = (
					"$(inherited)",
					"@executable_path/Frameworks",
				);
				MARKETING_VERSION = 1.0;
				PRODUCT_BUNDLE_IDENTIFIER = "nahid-synth-calcs.pull-me-urbanD";
				PRODUCT_NAME = "$(TARGET_NAME)";
				SWIFT_EMIT_LOC_STRINGS = YES;
				SWIFT_VERSION = 5.0;
				TARGETED_DEVICE_FAMILY = "1,2";
			};
			name = Debug;
		};
		251F8C3B29C5F4AB00BE8FD7 /* Release */ = {
			isa = XCBuildConfiguration;
			buildSettings = {
				ASSETCATALOG_COMPILER_APPICON_NAME = AppIcon;
				ASSETCATALOG_COMPILER_GLOBAL_ACCENT_COLOR_NAME = AccentColor;
				CODE_SIGN_STYLE = Automatic;
				CURRENT_PROJECT_VERSION = 1;
				DEVELOPMENT_ASSET_PATHS = "\"pull me urbanD/Preview Content\"";
				DEVELOPMENT_TEAM = 9Z9K3X8K7Y;
				ENABLE_PREVIEWS = YES;
				GENERATE_INFOPLIST_FILE = YES;
				INFOPLIST_KEY_UIApplicationSceneManifest_Generation = YES;
				INFOPLIST_KEY_UIApplicationSupportsIndirectInputEvents = YES;
				INFOPLIST_KEY_UILaunchScreen_Generation = YES;
				INFOPLIST_KEY_UISupportedInterfaceOrientations_iPad = "UIInterfaceOrientationPortrait UIInterfaceOrientationPortraitUpsideDown UIInterfaceOrientationLandscapeLeft UIInterfaceOrientationLandscapeRight";
				INFOPLIST_KEY_UISupportedInterfaceOrientations_iPhone = "UIInterfaceOrientationPortrait UIInterfaceOrientationLandscapeLeft UIInterfaceOrientationLandscapeRight";
				LD_RUNPATH_SEARCH_PATHS = (
					"$(inherited)",
					"@executable_path/Frameworks",
				);
				MARKETING_VERSION = 1.0;
				PRODUCT_BUNDLE_IDENTIFIER = "nahid-synth-calcs.pull-me-urbanD";
				PRODUCT_NAME = "$(TARGET_NAME)";
				SWIFT_EMIT_LOC_STRINGS = YES;
				SWIFT_VERSION = 5.0;
				TARGETED_DEVICE_FAMILY = "1,2";
			};
			name = Release;
		};
/* End XCBuildConfiguration section */

/* Begin XCConfigurationList section */
		251F8C2629C5F4AA00BE8FD7 /* Build configuration list for PBXProject "pull me urbanD" */ = {
			isa = XCConfigurationList;
			buildConfigurations = (
				251F8C3729C5F4AB00BE8FD7 /* Debug */,
				251F8C3829C5F4AB00BE8FD7 /* Release */,
			);
			defaultConfigurationIsVisible = 0;
			defaultConfigurationName = Release;
		};
		251F8C3929C5F4AB00BE8FD7 /* Build configuration list for PBXNativeTarget "pull me urbanD" */ = {
			isa = XCConfigurationList;
			buildConfigurations = (
				251F8C3A29C5F4AB00BE8FD7 /* Debug */,
				251F8C3B29C5F4AB00BE8FD7 /* Release */,
			);
			defaultConfigurationIsVisible = 0;
			defaultConfigurationName = Release;
		};
/* End XCConfigurationList section */
	};
	rootObject = 251F8C2329C5F4A900BE8FD7 /* Project object */;
}
